{
  "version": 4,
  "terraform_version": "1.13.3",
  "serial": 66,
  "lineage": "8566d95f-7143-ec16-bdfe-5ed0e4ee577f",
  "outputs": {
    "ssh_commands": {
      "value": [
        "ssh azureuser@172.173.206.246",
        "ssh azureuser@172.191.83.72",
        "ssh azureuser@40.88.9.37",
        "ssh azureuser@172.203.140.64"
      ],
      "type": [
        "tuple",
        [
          "string",
          "string",
          "string",
          "string"
        ]
      ]
    },
    "vm_info": {
      "value": {
        "adhoc-vm-0": {
          "ip": "172.173.206.246",
          "role": "web"
        },
        "adhoc-vm-1": {
          "ip": "172.191.83.72",
          "role": "web"
        },
        "adhoc-vm-2": {
          "ip": "40.88.9.37",
          "role": "app"
        },
        "adhoc-vm-3": {
          "ip": "172.203.140.64",
          "role": "db"
        }
      },
      "type": [
        "object",
        {
          "adhoc-vm-0": [
            "object",
            {
              "ip": "string",
              "role": "string"
            }
          ],
          "adhoc-vm-1": [
            "object",
            {
              "ip": "string",
              "role": "string"
            }
          ],
          "adhoc-vm-2": [
            "object",
            {
              "ip": "string",
              "role": "string"
            }
          ],
          "adhoc-vm-3": [
            "object",
            {
              "ip": "string",
              "role": "string"
            }
          ]
        }
      ]
    }
  },
  "resources": [
    {
      "mode": "managed",
      "type": "azurerm_linux_virtual_machine",
      "name": "vm",
      "provider": "provider[\"registry.terraform.io/hashicorp/azurerm\"]",
      "instances": [
        {
          "index_key": 0,
          "schema_version": 0,
          "attributes": {
            "additional_capabilities": [],
            "admin_password": null,
            "admin_ssh_key": [
              {
                "public_key": "ssh-ed25519 AAAAC3NzaC1lZDI1NTE5AAAAICQ4/1kgEEttg1jFjvCNhsdW9yyn5kJbv0O93e9LTW/B egwuoko76@gmail.com\r\n",
                "username": "azureuser"
              }
            ],
            "admin_username": "azureuser",
            "allow_extension_operations": true,
            "availability_set_id": "",
            "boot_diagnostics": [],
            "bypass_platform_safety_checks_on_user_schedule_enabled": false,
            "capacity_reservation_group_id": "",
            "computer_name": "adhoc-vm-0",
            "custom_data": null,
            "dedicated_host_group_id": "",
            "dedicated_host_id": "",
            "disable_password_authentication": true,
            "disk_controller_type": "",
            "edge_zone": "",
            "encryption_at_host_enabled": false,
            "eviction_policy": "",
            "extensions_time_budget": "PT1H30M",
            "gallery_application": [],
            "id": "/subscriptions/1121971d-0bc1-4f7c-8422-ce56228056d2/resourceGroups/adhoc-automation-rg/providers/Microsoft.Compute/virtualMachines/adhoc-vm-0",
            "identity": [],
            "license_type": "",
            "location": "eastus",
            "max_bid_price": -1,
            "name": "adhoc-vm-0",
            "network_interface_ids": [
              "/subscriptions/1121971d-0bc1-4f7c-8422-ce56228056d2/resourceGroups/adhoc-automation-rg/providers/Microsoft.Network/networkInterfaces/adhoc-nic-0"
            ],
            "os_disk": [
              {
                "caching": "ReadWrite",
                "diff_disk_settings": [],
                "disk_encryption_set_id": "",
                "disk_size_gb": 30,
                "id": "/subscriptions/1121971d-0bc1-4f7c-8422-ce56228056d2/resourceGroups/adhoc-automation-rg/providers/Microsoft.Compute/disks/adhoc-osdisk-0",
                "name": "adhoc-osdisk-0",
                "secure_vm_disk_encryption_set_id": "",
                "security_encryption_type": "",
                "storage_account_type": "Standard_LRS",
                "write_accelerator_enabled": false
              }
            ],
            "os_image_notification": [],
            "os_managed_disk_id": "/subscriptions/1121971d-0bc1-4f7c-8422-ce56228056d2/resourceGroups/adhoc-automation-rg/providers/Microsoft.Compute/disks/adhoc-osdisk-0",
            "patch_assessment_mode": "ImageDefault",
            "patch_mode": "ImageDefault",
            "plan": [],
            "platform_fault_domain": -1,
            "priority": "Regular",
            "private_ip_address": "10.0.1.7",
            "private_ip_addresses": [
              "10.0.1.7"
            ],
            "provision_vm_agent": true,
            "proximity_placement_group_id": "",
            "public_ip_address": "172.173.206.246",
            "public_ip_addresses": [
              "172.173.206.246"
            ],
            "reboot_setting": "",
            "resource_group_name": "adhoc-automation-rg",
            "secret": [],
            "secure_boot_enabled": false,
            "size": "Standard_B1s",
            "source_image_id": "",
            "source_image_reference": [
              {
                "offer": "0001-com-ubuntu-server-jammy",
                "publisher": "Canonical",
                "sku": "22_04-lts",
                "version": "latest"
              }
            ],
            "tags": {
              "project": "adhoc-automation",
              "role": "web"
            },
            "termination_notification": null,
            "timeouts": null,
            "user_data": "",
            "virtual_machine_id": "b544e456-f6f6-4596-8e23-a0095513c89b",
            "virtual_machine_scale_set_id": "",
            "vm_agent_platform_updates_enabled": false,
            "vtpm_enabled": false,
            "zone": ""
          },
          "sensitive_attributes": [
            [
              {
                "type": "get_attr",
                "value": "admin_password"
              }
            ],
            [
              {
                "type": "get_attr",
                "value": "custom_data"
              }
            ]
          ],
          "identity_schema_version": 0,
          "private": "eyJlMmJmYjczMC1lY2FhLTExZTYtOGY4OC0zNDM2M2JjN2M0YzAiOnsiY3JlYXRlIjoyNzAwMDAwMDAwMDAwLCJkZWxldGUiOjI3MDAwMDAwMDAwMDAsInJlYWQiOjMwMDAwMDAwMDAwMCwidXBkYXRlIjoyNzAwMDAwMDAwMDAwfX0=",
          "dependencies": [
            "azurerm_network_interface.nic",
            "azurerm_public_ip.pip",
            "azurerm_resource_group.rg",
            "azurerm_subnet.subnet",
            "azurerm_virtual_network.vnet"
          ]
        },
        {
          "index_key": 1,
          "schema_version": 0,
          "attributes": {
            "additional_capabilities": [],
            "admin_password": null,
            "admin_ssh_key": [
              {
                "public_key": "ssh-ed25519 AAAAC3NzaC1lZDI1NTE5AAAAICQ4/1kgEEttg1jFjvCNhsdW9yyn5kJbv0O93e9LTW/B egwuoko76@gmail.com\r\n",
                "username": "azureuser"
              }
            ],
            "admin_username": "azureuser",
            "allow_extension_operations": true,
            "availability_set_id": "",
            "boot_diagnostics": [],
            "bypass_platform_safety_checks_on_user_schedule_enabled": false,
            "capacity_reservation_group_id": "",
            "computer_name": "adhoc-vm-1",
            "custom_data": null,
            "dedicated_host_group_id": "",
            "dedicated_host_id": "",
            "disable_password_authentication": true,
            "disk_controller_type": "",
            "edge_zone": "",
            "encryption_at_host_enabled": false,
            "eviction_policy": "",
            "extensions_time_budget": "PT1H30M",
            "gallery_application": [],
            "id": "/subscriptions/1121971d-0bc1-4f7c-8422-ce56228056d2/resourceGroups/adhoc-automation-rg/providers/Microsoft.Compute/virtualMachines/adhoc-vm-1",
            "identity": [],
            "license_type": "",
            "location": "eastus",
            "max_bid_price": -1,
            "name": "adhoc-vm-1",
            "network_interface_ids": [
              "/subscriptions/1121971d-0bc1-4f7c-8422-ce56228056d2/resourceGroups/adhoc-automation-rg/providers/Microsoft.Network/networkInterfaces/adhoc-nic-1"
            ],
            "os_disk": [
              {
                "caching": "ReadWrite",
                "diff_disk_settings": [],
                "disk_encryption_set_id": "",
                "disk_size_gb": 30,
                "id": "/subscriptions/1121971d-0bc1-4f7c-8422-ce56228056d2/resourceGroups/adhoc-automation-rg/providers/Microsoft.Compute/disks/adhoc-osdisk-1",
                "name": "adhoc-osdisk-1",
                "secure_vm_disk_encryption_set_id": "",
                "security_encryption_type": "",
                "storage_account_type": "Standard_LRS",
                "write_accelerator_enabled": false
              }
            ],
            "os_image_notification": [],
            "os_managed_disk_id": "/subscriptions/1121971d-0bc1-4f7c-8422-ce56228056d2/resourceGroups/adhoc-automation-rg/providers/Microsoft.Compute/disks/adhoc-osdisk-1",
            "patch_assessment_mode": "ImageDefault",
            "patch_mode": "ImageDefault",
            "plan": [],
            "platform_fault_domain": -1,
            "priority": "Regular",
            "private_ip_address": "10.0.1.5",
            "private_ip_addresses": [
              "10.0.1.5"
            ],
            "provision_vm_agent": true,
            "proximity_placement_group_id": "",
            "public_ip_address": "172.191.83.72",
            "public_ip_addresses": [
              "172.191.83.72"
            ],
            "reboot_setting": "",
            "resource_group_name": "adhoc-automation-rg",
            "secret": [],
            "secure_boot_enabled": false,
            "size": "Standard_B1s",
            "source_image_id": "",
            "source_image_reference": [
              {
                "offer": "0001-com-ubuntu-server-jammy",
                "publisher": "Canonical",
                "sku": "22_04-lts",
                "version": "latest"
              }
            ],
            "tags": {
              "project": "adhoc-automation",
              "role": "web"
            },
            "termination_notification": null,
            "timeouts": null,
            "user_data": "",
            "virtual_machine_id": "ab67dcb4-5b86-4440-9d01-e8833650c1eb",
            "virtual_machine_scale_set_id": "",
            "vm_agent_platform_updates_enabled": false,
            "vtpm_enabled": false,
            "zone": ""
          },
          "sensitive_attributes": [
            [
              {
                "type": "get_attr",
                "value": "admin_password"
              }
            ],
            [
              {
                "type": "get_attr",
                "value": "custom_data"
              }
            ]
          ],
          "identity_schema_version": 0,
          "private": "eyJlMmJmYjczMC1lY2FhLTExZTYtOGY4OC0zNDM2M2JjN2M0YzAiOnsiY3JlYXRlIjoyNzAwMDAwMDAwMDAwLCJkZWxldGUiOjI3MDAwMDAwMDAwMDAsInJlYWQiOjMwMDAwMDAwMDAwMCwidXBkYXRlIjoyNzAwMDAwMDAwMDAwfX0=",
          "dependencies": [
            "azurerm_network_interface.nic",
            "azurerm_public_ip.pip",
            "azurerm_resource_group.rg",
            "azurerm_subnet.subnet",
            "azurerm_virtual_network.vnet"
          ]
        },
        {
          "index_key": 2,
          "schema_version": 0,
          "attributes": {
            "additional_capabilities": [],
            "admin_password": null,
            "admin_ssh_key": [
              {
                "public_key": "ssh-ed25519 AAAAC3NzaC1lZDI1NTE5AAAAICQ4/1kgEEttg1jFjvCNhsdW9yyn5kJbv0O93e9LTW/B egwuoko76@gmail.com\r\n",
                "username": "azureuser"
              }
            ],
            "admin_username": "azureuser",
            "allow_extension_operations": true,
            "availability_set_id": "",
            "boot_diagnostics": [],
            "bypass_platform_safety_checks_on_user_schedule_enabled": false,
            "capacity_reservation_group_id": "",
            "computer_name": "adhoc-vm-2",
            "custom_data": null,
            "dedicated_host_group_id": "",
            "dedicated_host_id": "",
            "disable_password_authentication": true,
            "disk_controller_type": "",
            "edge_zone": "",
            "encryption_at_host_enabled": false,
            "eviction_policy": "",
            "extensions_time_budget": "PT1H30M",
            "gallery_application": [],
            "id": "/subscriptions/1121971d-0bc1-4f7c-8422-ce56228056d2/resourceGroups/adhoc-automation-rg/providers/Microsoft.Compute/virtualMachines/adhoc-vm-2",
            "identity": [],
            "license_type": "",
            "location": "eastus",
            "max_bid_price": -1,
            "name": "adhoc-vm-2",
            "network_interface_ids": [
              "/subscriptions/1121971d-0bc1-4f7c-8422-ce56228056d2/resourceGroups/adhoc-automation-rg/providers/Microsoft.Network/networkInterfaces/adhoc-nic-2"
            ],
            "os_disk": [
              {
                "caching": "ReadWrite",
                "diff_disk_settings": [],
                "disk_encryption_set_id": "",
                "disk_size_gb": 30,
                "id": "/subscriptions/1121971d-0bc1-4f7c-8422-ce56228056d2/resourceGroups/adhoc-automation-rg/providers/Microsoft.Compute/disks/adhoc-osdisk-2",
                "name": "adhoc-osdisk-2",
                "secure_vm_disk_encryption_set_id": "",
                "security_encryption_type": "",
                "storage_account_type": "Standard_LRS",
                "write_accelerator_enabled": false
              }
            ],
            "os_image_notification": [],
            "os_managed_disk_id": "/subscriptions/1121971d-0bc1-4f7c-8422-ce56228056d2/resourceGroups/adhoc-automation-rg/providers/Microsoft.Compute/disks/adhoc-osdisk-2",
            "patch_assessment_mode": "ImageDefault",
            "patch_mode": "ImageDefault",
            "plan": [],
            "platform_fault_domain": -1,
            "priority": "Regular",
            "private_ip_address": "10.0.1.4",
            "private_ip_addresses": [
              "10.0.1.4"
            ],
            "provision_vm_agent": true,
            "proximity_placement_group_id": "",
            "public_ip_address": "40.88.9.37",
            "public_ip_addresses": [
              "40.88.9.37"
            ],
            "reboot_setting": "",
            "resource_group_name": "adhoc-automation-rg",
            "secret": [],
            "secure_boot_enabled": false,
            "size": "Standard_B1s",
            "source_image_id": "",
            "source_image_reference": [
              {
                "offer": "0001-com-ubuntu-server-jammy",
                "publisher": "Canonical",
                "sku": "22_04-lts",
                "version": "latest"
              }
            ],
            "tags": {
              "project": "adhoc-automation",
              "role": "app"
            },
            "termination_notification": null,
            "timeouts": null,
            "user_data": "",
            "virtual_machine_id": "af221b98-75a3-4382-a6a5-4b62a440a039",
            "virtual_machine_scale_set_id": "",
            "vm_agent_platform_updates_enabled": false,
            "vtpm_enabled": false,
            "zone": ""
          },
          "sensitive_attributes": [
            [
              {
                "type": "get_attr",
                "value": "admin_password"
              }
            ],
            [
              {
                "type": "get_attr",
                "value": "custom_data"
              }
            ]
          ],
          "identity_schema_version": 0,
          "private": "eyJlMmJmYjczMC1lY2FhLTExZTYtOGY4OC0zNDM2M2JjN2M0YzAiOnsiY3JlYXRlIjoyNzAwMDAwMDAwMDAwLCJkZWxldGUiOjI3MDAwMDAwMDAwMDAsInJlYWQiOjMwMDAwMDAwMDAwMCwidXBkYXRlIjoyNzAwMDAwMDAwMDAwfX0=",
          "dependencies": [
            "azurerm_network_interface.nic",
            "azurerm_public_ip.pip",
            "azurerm_resource_group.rg",
            "azurerm_subnet.subnet",
            "azurerm_virtual_network.vnet"
          ]
        },
        {
          "index_key": 3,
          "schema_version": 0,
          "attributes": {
            "additional_capabilities": [],
            "admin_password": null,
            "admin_ssh_key": [
              {
                "public_key": "ssh-ed25519 AAAAC3NzaC1lZDI1NTE5AAAAICQ4/1kgEEttg1jFjvCNhsdW9yyn5kJbv0O93e9LTW/B egwuoko76@gmail.com\r\n",
                "username": "azureuser"
              }
            ],
            "admin_username": "azureuser",
            "allow_extension_operations": true,
            "availability_set_id": "",
            "boot_diagnostics": [],
            "bypass_platform_safety_checks_on_user_schedule_enabled": false,
            "capacity_reservation_group_id": "",
            "computer_name": "adhoc-vm-3",
            "custom_data": null,
            "dedicated_host_group_id": "",
            "dedicated_host_id": "",
            "disable_password_authentication": true,
            "disk_controller_type": "",
            "edge_zone": "",
            "encryption_at_host_enabled": false,
            "eviction_policy": "",
            "extensions_time_budget": "PT1H30M",
            "gallery_application": [],
            "id": "/subscriptions/1121971d-0bc1-4f7c-8422-ce56228056d2/resourceGroups/adhoc-automation-rg/providers/Microsoft.Compute/virtualMachines/adhoc-vm-3",
            "identity": [],
            "license_type": "",
            "location": "eastus",
            "max_bid_price": -1,
            "name": "adhoc-vm-3",
            "network_interface_ids": [
              "/subscriptions/1121971d-0bc1-4f7c-8422-ce56228056d2/resourceGroups/adhoc-automation-rg/providers/Microsoft.Network/networkInterfaces/adhoc-nic-3"
            ],
            "os_disk": [
              {
                "caching": "ReadWrite",
                "diff_disk_settings": [],
                "disk_encryption_set_id": "",
                "disk_size_gb": 30,
                "id": "/subscriptions/1121971d-0bc1-4f7c-8422-ce56228056d2/resourceGroups/adhoc-automation-rg/providers/Microsoft.Compute/disks/adhoc-osdisk-3",
                "name": "adhoc-osdisk-3",
                "secure_vm_disk_encryption_set_id": "",
                "security_encryption_type": "",
                "storage_account_type": "Standard_LRS",
                "write_accelerator_enabled": false
              }
            ],
            "os_image_notification": [],
            "os_managed_disk_id": "/subscriptions/1121971d-0bc1-4f7c-8422-ce56228056d2/resourceGroups/adhoc-automation-rg/providers/Microsoft.Compute/disks/adhoc-osdisk-3",
            "patch_assessment_mode": "ImageDefault",
            "patch_mode": "ImageDefault",
            "plan": [],
            "platform_fault_domain": -1,
            "priority": "Regular",
            "private_ip_address": "10.0.1.6",
            "private_ip_addresses": [
              "10.0.1.6"
            ],
            "provision_vm_agent": true,
            "proximity_placement_group_id": "",
            "public_ip_address": "172.203.140.64",
            "public_ip_addresses": [
              "172.203.140.64"
            ],
            "reboot_setting": "",
            "resource_group_name": "adhoc-automation-rg",
            "secret": [],
            "secure_boot_enabled": false,
            "size": "Standard_B1s",
            "source_image_id": "",
            "source_image_reference": [
              {
                "offer": "0001-com-ubuntu-server-jammy",
                "publisher": "Canonical",
                "sku": "22_04-lts",
                "version": "latest"
              }
            ],
            "tags": {
              "project": "adhoc-automation",
              "role": "db"
            },
            "termination_notification": null,
            "timeouts": null,
            "user_data": "",
            "virtual_machine_id": "1f2c7d85-159b-4d86-a00b-8ab8be46bbdd",
            "virtual_machine_scale_set_id": "",
            "vm_agent_platform_updates_enabled": false,
            "vtpm_enabled": false,
            "zone": ""
          },
          "sensitive_attributes": [
            [
              {
                "type": "get_attr",
                "value": "admin_password"
              }
            ],
            [
              {
                "type": "get_attr",
                "value": "custom_data"
              }
            ]
          ],
          "identity_schema_version": 0,
          "private": "eyJlMmJmYjczMC1lY2FhLTExZTYtOGY4OC0zNDM2M2JjN2M0YzAiOnsiY3JlYXRlIjoyNzAwMDAwMDAwMDAwLCJkZWxldGUiOjI3MDAwMDAwMDAwMDAsInJlYWQiOjMwMDAwMDAwMDAwMCwidXBkYXRlIjoyNzAwMDAwMDAwMDAwfX0=",
          "dependencies": [
            "azurerm_network_interface.nic",
            "azurerm_public_ip.pip",
            "azurerm_resource_group.rg",
            "azurerm_subnet.subnet",
            "azurerm_virtual_network.vnet"
          ]
        }
      ]
    },
    {
      "mode": "managed",
      "type": "azurerm_network_interface",
      "name": "nic",
      "provider": "provider[\"registry.terraform.io/hashicorp/azurerm\"]",
      "instances": [
        {
          "index_key": 0,
          "schema_version": 0,
          "attributes": {
            "accelerated_networking_enabled": false,
            "applied_dns_servers": [],
            "auxiliary_mode": "",
            "auxiliary_sku": "",
            "dns_servers": null,
            "edge_zone": "",
            "id": "/subscriptions/1121971d-0bc1-4f7c-8422-ce56228056d2/resourceGroups/adhoc-automation-rg/providers/Microsoft.Network/networkInterfaces/adhoc-nic-0",
            "internal_dns_name_label": "",
            "internal_domain_name_suffix": "hu0wmtxge2gerizpjeiops2utg.bx.internal.cloudapp.net",
            "ip_configuration": [
              {
                "gateway_load_balancer_frontend_ip_configuration_id": "",
                "name": "internal",
                "primary": true,
                "private_ip_address": "10.0.1.7",
                "private_ip_address_allocation": "Dynamic",
                "private_ip_address_version": "IPv4",
                "public_ip_address_id": "/subscriptions/1121971d-0bc1-4f7c-8422-ce56228056d2/resourceGroups/adhoc-automation-rg/providers/Microsoft.Network/publicIPAddresses/adhoc-pip-0",
                "subnet_id": "/subscriptions/1121971d-0bc1-4f7c-8422-ce56228056d2/resourceGroups/adhoc-automation-rg/providers/Microsoft.Network/virtualNetworks/adhoc-vnet/subnets/adhoc-subnet"
              }
            ],
            "ip_forwarding_enabled": false,
            "location": "eastus",
            "mac_address": "",
            "name": "adhoc-nic-0",
            "private_ip_address": "10.0.1.7",
            "private_ip_addresses": [
              "10.0.1.7"
            ],
            "resource_group_name": "adhoc-automation-rg",
            "tags": null,
            "timeouts": null,
            "virtual_machine_id": ""
          },
          "sensitive_attributes": [],
          "identity_schema_version": 0,
          "identity": {
            "name": "adhoc-nic-0",
            "resource_group_name": "adhoc-automation-rg",
            "subscription_id": "1121971d-0bc1-4f7c-8422-ce56228056d2"
          },
          "private": "eyJlMmJmYjczMC1lY2FhLTExZTYtOGY4OC0zNDM2M2JjN2M0YzAiOnsiY3JlYXRlIjoxODAwMDAwMDAwMDAwLCJkZWxldGUiOjE4MDAwMDAwMDAwMDAsInJlYWQiOjMwMDAwMDAwMDAwMCwidXBkYXRlIjoxODAwMDAwMDAwMDAwfX0=",
          "dependencies": [
            "azurerm_public_ip.pip",
            "azurerm_resource_group.rg",
            "azurerm_subnet.subnet",
            "azurerm_virtual_network.vnet"
          ]
        },
        {
          "index_key": 1,
          "schema_version": 0,
          "attributes": {
            "accelerated_networking_enabled": false,
            "applied_dns_servers": [],
            "auxiliary_mode": "",
            "auxiliary_sku": "",
            "dns_servers": null,
            "edge_zone": "",
            "id": "/subscriptions/1121971d-0bc1-4f7c-8422-ce56228056d2/resourceGroups/adhoc-automation-rg/providers/Microsoft.Network/networkInterfaces/adhoc-nic-1",
            "internal_dns_name_label": "",
            "internal_domain_name_suffix": "hu0wmtxge2gerizpjeiops2utg.bx.internal.cloudapp.net",
            "ip_configuration": [
              {
                "gateway_load_balancer_frontend_ip_configuration_id": "",
                "name": "internal",
                "primary": true,
                "private_ip_address": "10.0.1.5",
                "private_ip_address_allocation": "Dynamic",
                "private_ip_address_version": "IPv4",
                "public_ip_address_id": "/subscriptions/1121971d-0bc1-4f7c-8422-ce56228056d2/resourceGroups/adhoc-automation-rg/providers/Microsoft.Network/publicIPAddresses/adhoc-pip-1",
                "subnet_id": "/subscriptions/1121971d-0bc1-4f7c-8422-ce56228056d2/resourceGroups/adhoc-automation-rg/providers/Microsoft.Network/virtualNetworks/adhoc-vnet/subnets/adhoc-subnet"
              }
            ],
            "ip_forwarding_enabled": false,
            "location": "eastus",
            "mac_address": "",
            "name": "adhoc-nic-1",
            "private_ip_address": "10.0.1.5",
            "private_ip_addresses": [
              "10.0.1.5"
            ],
            "resource_group_name": "adhoc-automation-rg",
            "tags": null,
            "timeouts": null,
            "virtual_machine_id": ""
          },
          "sensitive_attributes": [],
          "identity_schema_version": 0,
          "identity": {
            "name": "adhoc-nic-1",
            "resource_group_name": "adhoc-automation-rg",
            "subscription_id": "1121971d-0bc1-4f7c-8422-ce56228056d2"
          },
          "private": "eyJlMmJmYjczMC1lY2FhLTExZTYtOGY4OC0zNDM2M2JjN2M0YzAiOnsiY3JlYXRlIjoxODAwMDAwMDAwMDAwLCJkZWxldGUiOjE4MDAwMDAwMDAwMDAsInJlYWQiOjMwMDAwMDAwMDAwMCwidXBkYXRlIjoxODAwMDAwMDAwMDAwfX0=",
          "dependencies": [
            "azurerm_public_ip.pip",
            "azurerm_resource_group.rg",
            "azurerm_subnet.subnet",
            "azurerm_virtual_network.vnet"
          ]
        },
        {
          "index_key": 2,
          "schema_version": 0,
          "attributes": {
            "accelerated_networking_enabled": false,
            "applied_dns_servers": [],
            "auxiliary_mode": "",
            "auxiliary_sku": "",
            "dns_servers": null,
            "edge_zone": "",
            "id": "/subscriptions/1121971d-0bc1-4f7c-8422-ce56228056d2/resourceGroups/adhoc-automation-rg/providers/Microsoft.Network/networkInterfaces/adhoc-nic-2",
            "internal_dns_name_label": "",
            "internal_domain_name_suffix": "hu0wmtxge2gerizpjeiops2utg.bx.internal.cloudapp.net",
            "ip_configuration": [
              {
                "gateway_load_balancer_frontend_ip_configuration_id": "",
                "name": "internal",
                "primary": true,
                "private_ip_address": "10.0.1.4",
                "private_ip_address_allocation": "Dynamic",
                "private_ip_address_version": "IPv4",
                "public_ip_address_id": "/subscriptions/1121971d-0bc1-4f7c-8422-ce56228056d2/resourceGroups/adhoc-automation-rg/providers/Microsoft.Network/publicIPAddresses/adhoc-pip-2",
                "subnet_id": "/subscriptions/1121971d-0bc1-4f7c-8422-ce56228056d2/resourceGroups/adhoc-automation-rg/providers/Microsoft.Network/virtualNetworks/adhoc-vnet/subnets/adhoc-subnet"
              }
            ],
            "ip_forwarding_enabled": false,
            "location": "eastus",
            "mac_address": "",
            "name": "adhoc-nic-2",
            "private_ip_address": "10.0.1.4",
            "private_ip_addresses": [
              "10.0.1.4"
            ],
            "resource_group_name": "adhoc-automation-rg",
            "tags": null,
            "timeouts": null,
            "virtual_machine_id": ""
          },
          "sensitive_attributes": [],
          "identity_schema_version": 0,
          "identity": {
            "name": "adhoc-nic-2",
            "resource_group_name": "adhoc-automation-rg",
            "subscription_id": "1121971d-0bc1-4f7c-8422-ce56228056d2"
          },
          "private": "eyJlMmJmYjczMC1lY2FhLTExZTYtOGY4OC0zNDM2M2JjN2M0YzAiOnsiY3JlYXRlIjoxODAwMDAwMDAwMDAwLCJkZWxldGUiOjE4MDAwMDAwMDAwMDAsInJlYWQiOjMwMDAwMDAwMDAwMCwidXBkYXRlIjoxODAwMDAwMDAwMDAwfX0=",
          "dependencies": [
            "azurerm_public_ip.pip",
            "azurerm_resource_group.rg",
            "azurerm_subnet.subnet",
            "azurerm_virtual_network.vnet"
          ]
        },
        {
          "index_key": 3,
          "schema_version": 0,
          "attributes": {
            "accelerated_networking_enabled": false,
            "applied_dns_servers": [],
            "auxiliary_mode": "",
            "auxiliary_sku": "",
            "dns_servers": null,
            "edge_zone": "",
            "id": "/subscriptions/1121971d-0bc1-4f7c-8422-ce56228056d2/resourceGroups/adhoc-automation-rg/providers/Microsoft.Network/networkInterfaces/adhoc-nic-3",
            "internal_dns_name_label": "",
            "internal_domain_name_suffix": "hu0wmtxge2gerizpjeiops2utg.bx.internal.cloudapp.net",
            "ip_configuration": [
              {
                "gateway_load_balancer_frontend_ip_configuration_id": "",
                "name": "internal",
                "primary": true,
                "private_ip_address": "10.0.1.6",
                "private_ip_address_allocation": "Dynamic",
                "private_ip_address_version": "IPv4",
                "public_ip_address_id": "/subscriptions/1121971d-0bc1-4f7c-8422-ce56228056d2/resourceGroups/adhoc-automation-rg/providers/Microsoft.Network/publicIPAddresses/adhoc-pip-3",
                "subnet_id": "/subscriptions/1121971d-0bc1-4f7c-8422-ce56228056d2/resourceGroups/adhoc-automation-rg/providers/Microsoft.Network/virtualNetworks/adhoc-vnet/subnets/adhoc-subnet"
              }
            ],
            "ip_forwarding_enabled": false,
            "location": "eastus",
            "mac_address": "",
            "name": "adhoc-nic-3",
            "private_ip_address": "10.0.1.6",
            "private_ip_addresses": [
              "10.0.1.6"
            ],
            "resource_group_name": "adhoc-automation-rg",
            "tags": null,
            "timeouts": null,
            "virtual_machine_id": ""
          },
          "sensitive_attributes": [],
          "identity_schema_version": 0,
          "identity": {
            "name": "adhoc-nic-3",
            "resource_group_name": "adhoc-automation-rg",
            "subscription_id": "1121971d-0bc1-4f7c-8422-ce56228056d2"
          },
          "private": "eyJlMmJmYjczMC1lY2FhLTExZTYtOGY4OC0zNDM2M2JjN2M0YzAiOnsiY3JlYXRlIjoxODAwMDAwMDAwMDAwLCJkZWxldGUiOjE4MDAwMDAwMDAwMDAsInJlYWQiOjMwMDAwMDAwMDAwMCwidXBkYXRlIjoxODAwMDAwMDAwMDAwfX0=",
          "dependencies": [
            "azurerm_public_ip.pip",
            "azurerm_resource_group.rg",
            "azurerm_subnet.subnet",
            "azurerm_virtual_network.vnet"
          ]
        }
      ]
    },
    {
      "mode": "managed",
      "type": "azurerm_network_interface_security_group_association",
      "name": "nsg_association",
      "provider": "provider[\"registry.terraform.io/hashicorp/azurerm\"]",
      "instances": [
        {
          "index_key": 0,
          "schema_version": 0,
          "attributes": {
            "id": "/subscriptions/1121971d-0bc1-4f7c-8422-ce56228056d2/resourceGroups/adhoc-automation-rg/providers/Microsoft.Network/networkInterfaces/adhoc-nic-0|/subscriptions/1121971d-0bc1-4f7c-8422-ce56228056d2/resourceGroups/adhoc-automation-rg/providers/Microsoft.Network/networkSecurityGroups/adhoc-nsg",
            "network_interface_id": "/subscriptions/1121971d-0bc1-4f7c-8422-ce56228056d2/resourceGroups/adhoc-automation-rg/providers/Microsoft.Network/networkInterfaces/adhoc-nic-0",
            "network_security_group_id": "/subscriptions/1121971d-0bc1-4f7c-8422-ce56228056d2/resourceGroups/adhoc-automation-rg/providers/Microsoft.Network/networkSecurityGroups/adhoc-nsg",
            "timeouts": null
          },
          "sensitive_attributes": [],
          "identity_schema_version": 0,
          "private": "eyJlMmJmYjczMC1lY2FhLTExZTYtOGY4OC0zNDM2M2JjN2M0YzAiOnsiY3JlYXRlIjoxODAwMDAwMDAwMDAwLCJkZWxldGUiOjE4MDAwMDAwMDAwMDAsInJlYWQiOjMwMDAwMDAwMDAwMH19",
          "dependencies": [
            "azurerm_network_interface.nic",
            "azurerm_network_security_group.nsg",
            "azurerm_public_ip.pip",
            "azurerm_resource_group.rg",
            "azurerm_subnet.subnet",
            "azurerm_virtual_network.vnet"
          ]
        },
        {
          "index_key": 1,
          "schema_version": 0,
          "attributes": {
            "id": "/subscriptions/1121971d-0bc1-4f7c-8422-ce56228056d2/resourceGroups/adhoc-automation-rg/providers/Microsoft.Network/networkInterfaces/adhoc-nic-1|/subscriptions/1121971d-0bc1-4f7c-8422-ce56228056d2/resourceGroups/adhoc-automation-rg/providers/Microsoft.Network/networkSecurityGroups/adhoc-nsg",
            "network_interface_id": "/subscriptions/1121971d-0bc1-4f7c-8422-ce56228056d2/resourceGroups/adhoc-automation-rg/providers/Microsoft.Network/networkInterfaces/adhoc-nic-1",
            "network_security_group_id": "/subscriptions/1121971d-0bc1-4f7c-8422-ce56228056d2/resourceGroups/adhoc-automation-rg/providers/Microsoft.Network/networkSecurityGroups/adhoc-nsg",
            "timeouts": null
          },
          "sensitive_attributes": [],
          "identity_schema_version": 0,
          "private": "eyJlMmJmYjczMC1lY2FhLTExZTYtOGY4OC0zNDM2M2JjN2M0YzAiOnsiY3JlYXRlIjoxODAwMDAwMDAwMDAwLCJkZWxldGUiOjE4MDAwMDAwMDAwMDAsInJlYWQiOjMwMDAwMDAwMDAwMH19",
          "dependencies": [
            "azurerm_network_interface.nic",
            "azurerm_network_security_group.nsg",
            "azurerm_public_ip.pip",
            "azurerm_resource_group.rg",
            "azurerm_subnet.subnet",
            "azurerm_virtual_network.vnet"
          ]
        },
        {
          "index_key": 2,
          "schema_version": 0,
          "attributes": {
            "id": "/subscriptions/1121971d-0bc1-4f7c-8422-ce56228056d2/resourceGroups/adhoc-automation-rg/providers/Microsoft.Network/networkInterfaces/adhoc-nic-2|/subscriptions/1121971d-0bc1-4f7c-8422-ce56228056d2/resourceGroups/adhoc-automation-rg/providers/Microsoft.Network/networkSecurityGroups/adhoc-nsg",
            "network_interface_id": "/subscriptions/1121971d-0bc1-4f7c-8422-ce56228056d2/resourceGroups/adhoc-automation-rg/providers/Microsoft.Network/networkInterfaces/adhoc-nic-2",
            "network_security_group_id": "/subscriptions/1121971d-0bc1-4f7c-8422-ce56228056d2/resourceGroups/adhoc-automation-rg/providers/Microsoft.Network/networkSecurityGroups/adhoc-nsg",
            "timeouts": null
          },
          "sensitive_attributes": [],
          "identity_schema_version": 0,
          "private": "eyJlMmJmYjczMC1lY2FhLTExZTYtOGY4OC0zNDM2M2JjN2M0YzAiOnsiY3JlYXRlIjoxODAwMDAwMDAwMDAwLCJkZWxldGUiOjE4MDAwMDAwMDAwMDAsInJlYWQiOjMwMDAwMDAwMDAwMH19",
          "dependencies": [
            "azurerm_network_interface.nic",
            "azurerm_network_security_group.nsg",
            "azurerm_public_ip.pip",
            "azurerm_resource_group.rg",
            "azurerm_subnet.subnet",
            "azurerm_virtual_network.vnet"
          ]
        },
        {
          "index_key": 3,
          "schema_version": 0,
          "attributes": {
            "id": "/subscriptions/1121971d-0bc1-4f7c-8422-ce56228056d2/resourceGroups/adhoc-automation-rg/providers/Microsoft.Network/networkInterfaces/adhoc-nic-3|/subscriptions/1121971d-0bc1-4f7c-8422-ce56228056d2/resourceGroups/adhoc-automation-rg/providers/Microsoft.Network/networkSecurityGroups/adhoc-nsg",
            "network_interface_id": "/subscriptions/1121971d-0bc1-4f7c-8422-ce56228056d2/resourceGroups/adhoc-automation-rg/providers/Microsoft.Network/networkInterfaces/adhoc-nic-3",
            "network_security_group_id": "/subscriptions/1121971d-0bc1-4f7c-8422-ce56228056d2/resourceGroups/adhoc-automation-rg/providers/Microsoft.Network/networkSecurityGroups/adhoc-nsg",
            "timeouts": null
          },
          "sensitive_attributes": [],
          "identity_schema_version": 0,
          "private": "eyJlMmJmYjczMC1lY2FhLTExZTYtOGY4OC0zNDM2M2JjN2M0YzAiOnsiY3JlYXRlIjoxODAwMDAwMDAwMDAwLCJkZWxldGUiOjE4MDAwMDAwMDAwMDAsInJlYWQiOjMwMDAwMDAwMDAwMH19",
          "dependencies": [
            "azurerm_network_interface.nic",
            "azurerm_network_security_group.nsg",
            "azurerm_public_ip.pip",
            "azurerm_resource_group.rg",
            "azurerm_subnet.subnet",
            "azurerm_virtual_network.vnet"
          ]
        }
      ]
    },
    {
      "mode": "managed",
      "type": "azurerm_network_security_group",
      "name": "nsg",
      "provider": "provider[\"registry.terraform.io/hashicorp/azurerm\"]",
      "instances": [
        {
          "schema_version": 0,
          "attributes": {
            "id": "/subscriptions/1121971d-0bc1-4f7c-8422-ce56228056d2/resourceGroups/adhoc-automation-rg/providers/Microsoft.Network/networkSecurityGroups/adhoc-nsg",
            "location": "eastus",
            "name": "adhoc-nsg",
            "resource_group_name": "adhoc-automation-rg",
            "security_rule": [
              {
                "access": "Allow",
                "description": "",
                "destination_address_prefix": "*",
                "destination_address_prefixes": [],
                "destination_application_security_group_ids": [],
                "destination_port_range": "22",
                "destination_port_ranges": [],
                "direction": "Inbound",
                "name": "allow_ssh",
                "priority": 1001,
                "protocol": "Tcp",
                "source_address_prefix": "*",
                "source_address_prefixes": [],
                "source_application_security_group_ids": [],
                "source_port_range": "*",
                "source_port_ranges": []
              },
              {
                "access": "Allow",
                "description": "",
                "destination_address_prefix": "*",
                "destination_address_prefixes": [],
                "destination_application_security_group_ids": [],
                "destination_port_range": "80",
                "destination_port_ranges": [],
                "direction": "Inbound",
                "name": "allow_http",
                "priority": 1002,
                "protocol": "Tcp",
                "source_address_prefix": "*",
                "source_address_prefixes": [],
                "source_application_security_group_ids": [],
                "source_port_range": "*",
                "source_port_ranges": []
              }
            ],
            "tags": null,
            "timeouts": null
          },
          "sensitive_attributes": [],
          "identity_schema_version": 0,
          "identity": {
            "name": "adhoc-nsg",
            "resource_group_name": "adhoc-automation-rg",
            "subscription_id": "1121971d-0bc1-4f7c-8422-ce56228056d2"
          },
          "private": "eyJlMmJmYjczMC1lY2FhLTExZTYtOGY4OC0zNDM2M2JjN2M0YzAiOnsiY3JlYXRlIjoxODAwMDAwMDAwMDAwLCJkZWxldGUiOjE4MDAwMDAwMDAwMDAsInJlYWQiOjMwMDAwMDAwMDAwMCwidXBkYXRlIjoxODAwMDAwMDAwMDAwfX0=",
          "dependencies": [
            "azurerm_resource_group.rg"
          ]
        }
      ]
    },
    {
      "mode": "managed",
      "type": "azurerm_public_ip",
      "name": "pip",
      "provider": "provider[\"registry.terraform.io/hashicorp/azurerm\"]",
      "instances": [
        {
          "index_key": 0,
          "schema_version": 0,
          "attributes": {
            "allocation_method": "Static",
            "ddos_protection_mode": "VirtualNetworkInherited",
            "ddos_protection_plan_id": null,
            "domain_name_label": null,
            "domain_name_label_scope": null,
            "edge_zone": "",
            "fqdn": null,
            "id": "/subscriptions/1121971d-0bc1-4f7c-8422-ce56228056d2/resourceGroups/adhoc-automation-rg/providers/Microsoft.Network/publicIPAddresses/adhoc-pip-0",
            "idle_timeout_in_minutes": 4,
            "ip_address": "172.173.206.246",
            "ip_tags": null,
            "ip_version": "IPv4",
            "location": "eastus",
            "name": "adhoc-pip-0",
            "public_ip_prefix_id": null,
            "resource_group_name": "adhoc-automation-rg",
            "reverse_fqdn": null,
            "sku": "Standard",
            "sku_tier": "Regional",
            "tags": null,
            "timeouts": null,
            "zones": null
          },
          "sensitive_attributes": [],
          "identity_schema_version": 0,
          "private": "eyJlMmJmYjczMC1lY2FhLTExZTYtOGY4OC0zNDM2M2JjN2M0YzAiOnsiY3JlYXRlIjoxODAwMDAwMDAwMDAwLCJkZWxldGUiOjE4MDAwMDAwMDAwMDAsInJlYWQiOjMwMDAwMDAwMDAwMCwidXBkYXRlIjoxODAwMDAwMDAwMDAwfX0=",
          "dependencies": [
            "azurerm_resource_group.rg"
          ]
        },
        {
          "index_key": 1,
          "schema_version": 0,
          "attributes": {
            "allocation_method": "Static",
            "ddos_protection_mode": "VirtualNetworkInherited",
            "ddos_protection_plan_id": null,
            "domain_name_label": null,
            "domain_name_label_scope": null,
            "edge_zone": "",
            "fqdn": null,
            "id": "/subscriptions/1121971d-0bc1-4f7c-8422-ce56228056d2/resourceGroups/adhoc-automation-rg/providers/Microsoft.Network/publicIPAddresses/adhoc-pip-1",
            "idle_timeout_in_minutes": 4,
            "ip_address": "172.191.83.72",
            "ip_tags": {},
            "ip_version": "IPv4",
            "location": "eastus",
            "name": "adhoc-pip-1",
            "public_ip_prefix_id": null,
            "resource_group_name": "adhoc-automation-rg",
            "reverse_fqdn": null,
            "sku": "Standard",
            "sku_tier": "Regional",
            "tags": {},
            "timeouts": null,
            "zones": []
          },
          "sensitive_attributes": [],
          "identity_schema_version": 0,
          "private": "eyJlMmJmYjczMC1lY2FhLTExZTYtOGY4OC0zNDM2M2JjN2M0YzAiOnsiY3JlYXRlIjoxODAwMDAwMDAwMDAwLCJkZWxldGUiOjE4MDAwMDAwMDAwMDAsInJlYWQiOjMwMDAwMDAwMDAwMCwidXBkYXRlIjoxODAwMDAwMDAwMDAwfX0=",
          "dependencies": [
            "azurerm_resource_group.rg"
          ]
        },
        {
          "index_key": 2,
          "schema_version": 0,
          "attributes": {
            "allocation_method": "Static",
            "ddos_protection_mode": "VirtualNetworkInherited",
            "ddos_protection_plan_id": null,
            "domain_name_label": null,
            "domain_name_label_scope": null,
            "edge_zone": "",
            "fqdn": null,
            "id": "/subscriptions/1121971d-0bc1-4f7c-8422-ce56228056d2/resourceGroups/adhoc-automation-rg/providers/Microsoft.Network/publicIPAddresses/adhoc-pip-2",
            "idle_timeout_in_minutes": 4,
            "ip_address": "40.88.9.37",
            "ip_tags": {},
            "ip_version": "IPv4",
            "location": "eastus",
            "name": "adhoc-pip-2",
            "public_ip_prefix_id": null,
            "resource_group_name": "adhoc-automation-rg",
            "reverse_fqdn": null,
            "sku": "Standard",
            "sku_tier": "Regional",
            "tags": {},
            "timeouts": null,
            "zones": []
          },
          "sensitive_attributes": [],
          "identity_schema_version": 0,
          "private": "eyJlMmJmYjczMC1lY2FhLTExZTYtOGY4OC0zNDM2M2JjN2M0YzAiOnsiY3JlYXRlIjoxODAwMDAwMDAwMDAwLCJkZWxldGUiOjE4MDAwMDAwMDAwMDAsInJlYWQiOjMwMDAwMDAwMDAwMCwidXBkYXRlIjoxODAwMDAwMDAwMDAwfX0=",
          "dependencies": [
            "azurerm_resource_group.rg"
          ]
        },
        {
          "index_key": 3,
          "schema_version": 0,
          "attributes": {
            "allocation_method": "Static",
            "ddos_protection_mode": "VirtualNetworkInherited",
            "ddos_protection_plan_id": null,
            "domain_name_label": null,
            "domain_name_label_scope": null,
            "edge_zone": "",
            "fqdn": null,
            "id": "/subscriptions/1121971d-0bc1-4f7c-8422-ce56228056d2/resourceGroups/adhoc-automation-rg/providers/Microsoft.Network/publicIPAddresses/adhoc-pip-3",
            "idle_timeout_in_minutes": 4,
            "ip_address": "172.203.140.64",
            "ip_tags": {},
            "ip_version": "IPv4",
            "location": "eastus",
            "name": "adhoc-pip-3",
            "public_ip_prefix_id": null,
            "resource_group_name": "adhoc-automation-rg",
            "reverse_fqdn": null,
            "sku": "Standard",
            "sku_tier": "Regional",
            "tags": {},
            "timeouts": null,
            "zones": []
          },
          "sensitive_attributes": [],
          "identity_schema_version": 0,
          "private": "eyJlMmJmYjczMC1lY2FhLTExZTYtOGY4OC0zNDM2M2JjN2M0YzAiOnsiY3JlYXRlIjoxODAwMDAwMDAwMDAwLCJkZWxldGUiOjE4MDAwMDAwMDAwMDAsInJlYWQiOjMwMDAwMDAwMDAwMCwidXBkYXRlIjoxODAwMDAwMDAwMDAwfX0=",
          "dependencies": [
            "azurerm_resource_group.rg"
          ]
        }
      ]
    },
    {
      "mode": "managed",
      "type": "azurerm_resource_group",
      "name": "rg",
      "provider": "provider[\"registry.terraform.io/hashicorp/azurerm\"]",
      "instances": [
        {
          "schema_version": 0,
          "attributes": {
            "id": "/subscriptions/1121971d-0bc1-4f7c-8422-ce56228056d2/resourceGroups/adhoc-automation-rg",
            "location": "eastus",
            "managed_by": "",
            "name": "adhoc-automation-rg",
            "tags": {},
            "timeouts": null
          },
          "sensitive_attributes": [],
          "identity_schema_version": 0,
          "private": "eyJlMmJmYjczMC1lY2FhLTExZTYtOGY4OC0zNDM2M2JjN2M0YzAiOnsiY3JlYXRlIjo1NDAwMDAwMDAwMDAwLCJkZWxldGUiOjU0MDAwMDAwMDAwMDAsInJlYWQiOjMwMDAwMDAwMDAwMCwidXBkYXRlIjo1NDAwMDAwMDAwMDAwfX0="
        }
      ]
    },
    {
      "mode": "managed",
      "type": "azurerm_subnet",
      "name": "subnet",
      "provider": "provider[\"registry.terraform.io/hashicorp/azurerm\"]",
      "instances": [
        {
          "schema_version": 0,
          "attributes": {
            "address_prefixes": [
              "10.0.1.0/24"
            ],
            "default_outbound_access_enabled": true,
            "delegation": [],
            "id": "/subscriptions/1121971d-0bc1-4f7c-8422-ce56228056d2/resourceGroups/adhoc-automation-rg/providers/Microsoft.Network/virtualNetworks/adhoc-vnet/subnets/adhoc-subnet",
            "ip_address_pool": [],
            "name": "adhoc-subnet",
            "private_endpoint_network_policies": "Disabled",
            "private_link_service_network_policies_enabled": true,
            "resource_group_name": "adhoc-automation-rg",
            "service_endpoint_policy_ids": [],
            "service_endpoints": [],
            "sharing_scope": "",
            "timeouts": null,
            "virtual_network_name": "adhoc-vnet"
          },
          "sensitive_attributes": [],
          "identity_schema_version": 0,
          "identity": {
            "name": "adhoc-subnet",
            "resource_group_name": "adhoc-automation-rg",
            "subscription_id": "1121971d-0bc1-4f7c-8422-ce56228056d2",
            "virtual_network_name": "adhoc-vnet"
          },
          "private": "eyJlMmJmYjczMC1lY2FhLTExZTYtOGY4OC0zNDM2M2JjN2M0YzAiOnsiY3JlYXRlIjoxODAwMDAwMDAwMDAwLCJkZWxldGUiOjE4MDAwMDAwMDAwMDAsInJlYWQiOjMwMDAwMDAwMDAwMCwidXBkYXRlIjoxODAwMDAwMDAwMDAwfX0=",
          "dependencies": [
            "azurerm_resource_group.rg",
            "azurerm_virtual_network.vnet"
          ]
        }
      ]
    },
    {
      "mode": "managed",
      "type": "azurerm_virtual_network",
      "name": "vnet",
      "provider": "provider[\"registry.terraform.io/hashicorp/azurerm\"]",
      "instances": [
        {
          "schema_version": 0,
          "attributes": {
            "address_space": [
              "10.0.0.0/16"
            ],
            "bgp_community": "",
            "ddos_protection_plan": [],
            "dns_servers": [],
            "edge_zone": "",
            "encryption": [],
            "flow_timeout_in_minutes": 0,
            "guid": "4e66353d-27e6-480c-a32f-4910e7cb949e",
            "id": "/subscriptions/1121971d-0bc1-4f7c-8422-ce56228056d2/resourceGroups/adhoc-automation-rg/providers/Microsoft.Network/virtualNetworks/adhoc-vnet",
            "ip_address_pool": [],
            "location": "eastus",
            "name": "adhoc-vnet",
            "private_endpoint_vnet_policies": "Disabled",
            "resource_group_name": "adhoc-automation-rg",
            "subnet": [
              {
                "address_prefixes": [
                  "10.0.1.0/24"
                ],
                "default_outbound_access_enabled": true,
                "delegation": [],
                "id": "/subscriptions/1121971d-0bc1-4f7c-8422-ce56228056d2/resourceGroups/adhoc-automation-rg/providers/Microsoft.Network/virtualNetworks/adhoc-vnet/subnets/adhoc-subnet",
                "name": "adhoc-subnet",
                "private_endpoint_network_policies": "Disabled",
                "private_link_service_network_policies_enabled": true,
                "route_table_id": "",
                "security_group": "",
                "service_endpoint_policy_ids": [],
                "service_endpoints": []
              }
            ],
            "tags": {},
            "timeouts": null
          },
          "sensitive_attributes": [],
          "identity_schema_version": 0,
          "identity": {
            "name": "adhoc-vnet",
            "resource_group_name": "adhoc-automation-rg",
            "subscription_id": "1121971d-0bc1-4f7c-8422-ce56228056d2"
          },
          "private": "eyJlMmJmYjczMC1lY2FhLTExZTYtOGY4OC0zNDM2M2JjN2M0YzAiOnsiY3JlYXRlIjoxODAwMDAwMDAwMDAwLCJkZWxldGUiOjE4MDAwMDAwMDAwMDAsInJlYWQiOjMwMDAwMDAwMDAwMCwidXBkYXRlIjoxODAwMDAwMDAwMDAwfX0=",
          "dependencies": [
            "azurerm_resource_group.rg"
          ]
        }
      ]
    }
  ],
  "check_results": null
}
